
Microsoft Visual Studio Solution File, Format Version 12.00
# Visual Studio Version 17
VisualStudioVersion = 17.3.32901.215
MinimumVisualStudioVersion = 10.0.40219.1
Project("{FAE04EC0-301F-11D3-BF4B-00C04F79EFBC}") = "asp_auth_api_v1", "asp_auth_api_v1\asp_auth_api_v1.csproj", "{6334E871-C796-43B8-B4C2-4F8603D0E43D}"
EndProject
Global
	GlobalSection(SolutionConfigurationPlatforms) = preSolution
		Debug|Any CPU = Debug|Any CPU
		Release|Any CPU = Release|Any CPU
	EndGlobalSection
	GlobalSection(ProjectConfigurationPlatforms) = postSolution
		{6334E871-C796-43B8-B4C2-4F8603D0E43D}.Debug|Any CPU.ActiveCfg = Debug|Any CPU
		{6334E871-C796-43B8-B4C2-4F8603D0E43D}.Debug|Any CPU.Build.0 = Debug|Any CPU
		{6334E871-C796-43B8-B4C2-4F8603D0E43D}.Release|Any CPU.ActiveCfg = Release|Any CPU
		{6334E871-C796-43B8-B4C2-4F8603D0E43D}.Release|Any CPU.Build.0 = Release|Any CPU
	EndGlobalSection
	GlobalSection(SolutionProperties) = preSolution
		HideSolutionNode = FALSE
	EndGlobalSection
	GlobalSection(ExtensibilityGlobals) = postSolution
		SolutionGuid = {E183C15B-8DE0-49E8-BFED-39BF7D772A94}
	EndGlobalSection
EndGlobal
